<?xml version="1.0" encoding="utf-8"?>
<Project ToolsVersion="4.0" xmlns="http://schemas.microsoft.com/developer/msbuild/2003">
  <ItemGroup>
    <ClCompile Include="Source\Application.cpp" />
    <ClCompile Include="Source\GameStateManagement\CraftingState.cpp" />
    <ClCompile Include="Source\GameStateManagement\GameOverState.cpp" />
    <ClCompile Include="Source\GameStateManagement\GameStateManager.cpp" />
    <ClCompile Include="Source\GameStateManagement\IntroState.cpp" />
    <ClCompile Include="Source\GameStateManagement\InventoryState.cpp" />
    <ClCompile Include="Source\GameStateManagement\MenuState.cpp" />
    <ClCompile Include="Source\GameStateManagement\PauseState.cpp" />
    <ClCompile Include="Source\GameStateManagement\PlayGameState.cpp" />
    <ClCompile Include="Source\GameStateManagement\VictoryState.cpp" />
    <ClCompile Include="Source\main.cpp" />
    <ClCompile Include="Source\Scene2D\BackgroundEntity.cpp" />
    <ClCompile Include="Source\Scene2D\Blade2D.cpp" />
    <ClCompile Include="Source\Scene2D\Bob.cpp" />
    <ClCompile Include="Source\Scene2D\Camera.cpp" />
    <ClCompile Include="Source\Scene2D\Chicken.cpp" />
    <ClCompile Include="Source\Scene2D\CleaverBlade2D.cpp" />
    <ClCompile Include="Source\Scene2D\Enemy2D.cpp" />
    <ClCompile Include="Source\Scene2D\GameManager.cpp" />
    <ClCompile Include="Source\Scene2D\GUI_Scene2D.cpp" />
    <ClCompile Include="Source\Scene2D\Hilt2D.cpp" />
    <ClCompile Include="Source\Scene2D\InventoryItem.cpp" />
    <ClCompile Include="Source\Scene2D\InventoryManager.cpp" />
    <ClCompile Include="Source\Scene2D\IronHilt2D.cpp" />
    <ClCompile Include="Source\Scene2D\Map2D.cpp" />
    <ClCompile Include="Source\Scene2D\Octopus.cpp" />
    <ClCompile Include="Source\Scene2D\Physics2D.cpp" />
    <ClCompile Include="Source\Scene2D\PlatinumHilt2D.cpp" />
    <ClCompile Include="Source\Scene2D\Player2D.cpp" />
    <ClCompile Include="Source\Scene2D\Projectile2D.cpp" />
    <ClCompile Include="Source\Scene2D\Recipe.cpp" />
    <ClCompile Include="Source\Scene2D\RecipeBook.cpp" />
    <ClCompile Include="Source\Scene2D\Scene2D.cpp" />
    <ClCompile Include="Source\Scene2D\Shivs2D.cpp" />
    <ClCompile Include="Source\Scene2D\Skeleton.cpp" />
    <ClCompile Include="Source\Scene2D\SkeletonShot.cpp" />
    <ClCompile Include="Source\Scene2D\slot.cpp" />
    <ClCompile Include="Source\Scene2D\Spider.cpp" />
    <ClCompile Include="Source\Scene2D\Sword2D.cpp" />
    <ClCompile Include="Source\Scene2D\RustyBlade2D.cpp" />
    <ClCompile Include="Source\Scene2D\Webshot.cpp" />
    <ClCompile Include="Source\Scene2D\WoodenHilt2D.cpp" />
    <ClCompile Include="Source\SoundController\SoundController.cpp" />
    <ClCompile Include="Source\SoundController\SoundInfo.cpp" />
    <ClCompile Include="Source\Scene2D\BobShot.cpp" />
  </ItemGroup>
  <ItemGroup>
    <ClInclude Include="Source\Application.h" />
    <ClInclude Include="Source\GameStateManagement\CraftingState.h" />
    <ClInclude Include="Source\GameStateManagement\GameOverState.h" />
    <ClInclude Include="Source\GameStateManagement\GameStateBase.h" />
    <ClInclude Include="Source\GameStateManagement\GameStateManager.h" />
    <ClInclude Include="Source\GameStateManagement\IntroState.h" />
    <ClInclude Include="Source\GameStateManagement\InventoryState.h" />
    <ClInclude Include="Source\GameStateManagement\MenuState.h" />
    <ClInclude Include="Source\GameStateManagement\PauseState.h" />
    <ClInclude Include="Source\GameStateManagement\PlayGameState.h" />
    <ClInclude Include="Source\GameStateManagement\VictoryState.h" />
    <ClInclude Include="Source\Scene2D\BackgroundEntity.h" />
    <ClInclude Include="Source\Scene2D\Blade2D.h" />
    <ClInclude Include="Source\Scene2D\Bob.h" />
    <ClInclude Include="Source\Scene2D\Camera.h" />
    <ClInclude Include="Source\Scene2D\Chicken.h" />
    <ClInclude Include="Source\Scene2D\CleaverBlade2D.h" />
    <ClInclude Include="Source\Scene2D\Enemy2D.h" />
    <ClInclude Include="Source\Scene2D\EventController.h" />
    <ClInclude Include="Source\Scene2D\GameManager.h" />
    <ClInclude Include="Source\Scene2D\GUI_Scene2D.h" />
    <ClInclude Include="Source\Scene2D\Hilt2D.h" />
    <ClInclude Include="Source\Scene2D\InventoryItem.h" />
    <ClInclude Include="Source\Scene2D\InventoryManager.h" />
    <ClInclude Include="Source\Scene2D\IronHilt2D.h" />
    <ClInclude Include="Source\Scene2D\Map2D.h" />
    <ClInclude Include="Source\Scene2D\MapGenerator.h" />
    <ClInclude Include="Source\Scene2D\Octopus.h" />
    <ClInclude Include="Source\Scene2D\Physics2D.h" />
    <ClInclude Include="Source\Scene2D\PlatinumHilt2D.h" />
    <ClInclude Include="Source\Scene2D\Player2D.h" />
    <ClInclude Include="Source\Scene2D\Projectile2D.h" />
    <ClInclude Include="Source\Scene2D\Recipe.h" />
    <ClInclude Include="Source\Scene2D\RecipeBook.h" />
    <ClInclude Include="Source\Scene2D\Scene2D.h" />
    <ClInclude Include="Source\Scene2D\Shivs2D.h" />
    <ClInclude Include="Source\Scene2D\Skeleton.h" />
    <ClInclude Include="Source\Scene2D\SkeletonShot.h" />
    <ClInclude Include="Source\Scene2D\slot.h" />
    <ClInclude Include="Source\Scene2D\Spider.h" />
    <ClInclude Include="Source\Scene2D\Sword2D.h" />
    <ClInclude Include="Source\Scene2D\RustyBlade2D.h" />
    <ClInclude Include="Source\Scene2D\Webshot.h" />
    <ClInclude Include="Source\Scene2D\WoodenHilt2D.h" />
    <ClInclude Include="Source\SoundController\SoundController.h" />
    <ClInclude Include="Source\SoundController\SoundInfo.h" />
    <ClInclude Include="Source\Scene2D\BobShot.h" />
  </ItemGroup>
</Project>